
Microsoft Visual Studio Solution File, Format Version 12.00
# Visual Studio Version 17
VisualStudioVersion = 17.7.34202.233
MinimumVisualStudioVersion = 10.0.40219.1
Project("{FAE04EC0-301F-11D3-BF4B-00C04F79EFBC}") = "MoviesApp.Android", "MoviesApp\MoviesApp.Android\MoviesApp.Android.csproj", "{941CA61B-9E20-4D22-B869-498D1FA900D4}"
EndProject
Project("{FAE04EC0-301F-11D3-BF4B-00C04F79EFBC}") = "MoviesApp.iOS", "MoviesApp\MoviesApp.iOS\MoviesApp.iOS.csproj", "{842AC771-4468-4FD1-B694-318A78C39A33}"
EndProject
Project("{FAE04EC0-301F-11D3-BF4B-00C04F79EFBC}") = "MoviesApp", "MoviesApp\MoviesApp\MoviesApp.csproj", "{C8092892-8DDC-4B5B-8978-E1066AA24605}"
EndProject
Global
	GlobalSection(SolutionConfigurationPlatforms) = preSolution
		Debug|Any CPU = Debug|Any CPU
		Debug|iPhone = Debug|iPhone
		Debug|iPhoneSimulator = Debug|iPhoneSimulator
		Release|Any CPU = Release|Any CPU
		Release|iPhone = Release|iPhone
		Release|iPhoneSimulator = Release|iPhoneSimulator
	EndGlobalSection
	GlobalSection(ProjectConfigurationPlatforms) = postSolution
		{941CA61B-9E20-4D22-B869-498D1FA900D4}.Debug|Any CPU.ActiveCfg = Debug|Any CPU
		{941CA61B-9E20-4D22-B869-498D1FA900D4}.Debug|Any CPU.Build.0 = Debug|Any CPU
		{941CA61B-9E20-4D22-B869-498D1FA900D4}.Debug|Any CPU.Deploy.0 = Debug|Any CPU
		{941CA61B-9E20-4D22-B869-498D1FA900D4}.Debug|iPhone.ActiveCfg = Debug|Any CPU
		{941CA61B-9E20-4D22-B869-498D1FA900D4}.Debug|iPhone.Build.0 = Debug|Any CPU
		{941CA61B-9E20-4D22-B869-498D1FA900D4}.Debug|iPhone.Deploy.0 = Debug|Any CPU
		{941CA61B-9E20-4D22-B869-498D1FA900D4}.Debug|iPhoneSimulator.ActiveCfg = Debug|Any CPU
		{941CA61B-9E20-4D22-B869-498D1FA900D4}.Debug|iPhoneSimulator.Build.0 = Debug|Any CPU
		{941CA61B-9E20-4D22-B869-498D1FA900D4}.Debug|iPhoneSimulator.Deploy.0 = Debug|Any CPU
		{941CA61B-9E20-4D22-B869-498D1FA900D4}.Release|Any CPU.ActiveCfg = Release|Any CPU
		{941CA61B-9E20-4D22-B869-498D1FA900D4}.Release|Any CPU.Build.0 = Release|Any CPU
		{941CA61B-9E20-4D22-B869-498D1FA900D4}.Release|Any CPU.Deploy.0 = Release|Any CPU
		{941CA61B-9E20-4D22-B869-498D1FA900D4}.Release|iPhone.ActiveCfg = Release|Any CPU
		{941CA61B-9E20-4D22-B869-498D1FA900D4}.Release|iPhone.Build.0 = Release|Any CPU
		{941CA61B-9E20-4D22-B869-498D1FA900D4}.Release|iPhone.Deploy.0 = Release|Any CPU
		{941CA61B-9E20-4D22-B869-498D1FA900D4}.Release|iPhoneSimulator.ActiveCfg = Release|Any CPU
		{941CA61B-9E20-4D22-B869-498D1FA900D4}.Release|iPhoneSimulator.Build.0 = Release|Any CPU
		{941CA61B-9E20-4D22-B869-498D1FA900D4}.Release|iPhoneSimulator.Deploy.0 = Release|Any CPU
		{842AC771-4468-4FD1-B694-318A78C39A33}.Debug|Any CPU.ActiveCfg = Debug|iPhone
		{842AC771-4468-4FD1-B694-318A78C39A33}.Debug|Any CPU.Build.0 = Debug|iPhone
		{842AC771-4468-4FD1-B694-318A78C39A33}.Debug|Any CPU.Deploy.0 = Debug|iPhone
		{842AC771-4468-4FD1-B694-318A78C39A33}.Debug|iPhone.ActiveCfg = Debug|iPhone
		{842AC771-4468-4FD1-B694-318A78C39A33}.Debug|iPhone.Build.0 = Debug|iPhone
		{842AC771-4468-4FD1-B694-318A78C39A33}.Debug|iPhone.Deploy.0 = Debug|iPhone
		{842AC771-4468-4FD1-B694-318A78C39A33}.Debug|iPhoneSimulator.ActiveCfg = Debug|iPhoneSimulator
		{842AC771-4468-4FD1-B694-318A78C39A33}.Debug|iPhoneSimulator.Build.0 = Debug|iPhoneSimulator
		{842AC771-4468-4FD1-B694-318A78C39A33}.Debug|iPhoneSimulator.Deploy.0 = Debug|iPhoneSimulator
		{842AC771-4468-4FD1-B694-318A78C39A33}.Release|Any CPU.ActiveCfg = Release|iPhoneSimulator
		{842AC771-4468-4FD1-B694-318A78C39A33}.Release|Any CPU.Build.0 = Release|iPhoneSimulator
		{842AC771-4468-4FD1-B694-318A78C39A33}.Release|Any CPU.Deploy.0 = Release|iPhoneSimulator
		{842AC771-4468-4FD1-B694-318A78C39A33}.Release|iPhone.ActiveCfg = Release|iPhone
		{842AC771-4468-4FD1-B694-318A78C39A33}.Release|iPhone.Build.0 = Release|iPhone
		{842AC771-4468-4FD1-B694-318A78C39A33}.Release|iPhone.Deploy.0 = Release|iPhone
		{842AC771-4468-4FD1-B694-318A78C39A33}.Release|iPhoneSimulator.ActiveCfg = Release|iPhoneSimulator
		{842AC771-4468-4FD1-B694-318A78C39A33}.Release|iPhoneSimulator.Build.0 = Release|iPhoneSimulator
		{842AC771-4468-4FD1-B694-318A78C39A33}.Release|iPhoneSimulator.Deploy.0 = Release|iPhoneSimulator
		{C8092892-8DDC-4B5B-8978-E1066AA24605}.Debug|Any CPU.ActiveCfg = Debug|Any CPU
		{C8092892-8DDC-4B5B-8978-E1066AA24605}.Debug|Any CPU.Build.0 = Debug|Any CPU
		{C8092892-8DDC-4B5B-8978-E1066AA24605}.Debug|Any CPU.Deploy.0 = Debug|Any CPU
		{C8092892-8DDC-4B5B-8978-E1066AA24605}.Debug|iPhone.ActiveCfg = Debug|Any CPU
		{C8092892-8DDC-4B5B-8978-E1066AA24605}.Debug|iPhone.Build.0 = Debug|Any CPU
		{C8092892-8DDC-4B5B-8978-E1066AA24605}.Debug|iPhone.Deploy.0 = Debug|Any CPU
		{C8092892-8DDC-4B5B-8978-E1066AA24605}.Debug|iPhoneSimulator.ActiveCfg = Debug|Any CPU
		{C8092892-8DDC-4B5B-8978-E1066AA24605}.Debug|iPhoneSimulator.Build.0 = Debug|Any CPU
		{C8092892-8DDC-4B5B-8978-E1066AA24605}.Debug|iPhoneSimulator.Deploy.0 = Debug|Any CPU
		{C8092892-8DDC-4B5B-8978-E1066AA24605}.Release|Any CPU.ActiveCfg = Release|Any CPU
		{C8092892-8DDC-4B5B-8978-E1066AA24605}.Release|Any CPU.Build.0 = Release|Any CPU
		{C8092892-8DDC-4B5B-8978-E1066AA24605}.Release|Any CPU.Deploy.0 = Release|Any CPU
		{C8092892-8DDC-4B5B-8978-E1066AA24605}.Release|iPhone.ActiveCfg = Release|Any CPU
		{C8092892-8DDC-4B5B-8978-E1066AA24605}.Release|iPhone.Build.0 = Release|Any CPU
		{C8092892-8DDC-4B5B-8978-E1066AA24605}.Release|iPhone.Deploy.0 = Release|Any CPU
		{C8092892-8DDC-4B5B-8978-E1066AA24605}.Release|iPhoneSimulator.ActiveCfg = Release|Any CPU
		{C8092892-8DDC-4B5B-8978-E1066AA24605}.Release|iPhoneSimulator.Build.0 = Release|Any CPU
		{C8092892-8DDC-4B5B-8978-E1066AA24605}.Release|iPhoneSimulator.Deploy.0 = Release|Any CPU
	EndGlobalSection
	GlobalSection(SolutionProperties) = preSolution
		HideSolutionNode = FALSE
	EndGlobalSection
	GlobalSection(ExtensibilityGlobals) = postSolution
		SolutionGuid = {A3E4E73A-11AF-4872-850E-39EF1ED8C4A1}
	EndGlobalSection
EndGlobal
